
Microsoft Visual Studio Solution File, Format Version 12.00
# Visual Studio Version 17
VisualStudioVersion = 17.8.34309.116
MinimumVisualStudioVersion = 10.0.40219.1
Project("{9A19103F-16F7-4668-BE54-9A1E7A4F7556}") = "Serca.Controle.UI.Blazor.Server", "src\Serca.Controle.UI.Blazor\Server\Serca.Controle.UI.Blazor.Server.csproj", "{DDAC7B38-C8D6-4F4E-B9AA-268A937839CC}"
EndProject
Project("{9A19103F-16F7-4668-BE54-9A1E7A4F7556}") = "Serca.Controle.UI.Blazor.Client", "src\Serca.Controle.UI.Blazor\Client\Serca.Controle.UI.Blazor.Client.csproj", "{6738142F-E75C-49D6-848A-513FDAC2AAC5}"
EndProject
Project("{9A19103F-16F7-4668-BE54-9A1E7A4F7556}") = "Serca.Controle.UI.Blazor.Shared", "src\Serca.Controle.UI.Blazor\Shared\Serca.Controle.UI.Blazor.Shared.csproj", "{DC8F2F4B-6C55-4154-8CF4-26228506FEF8}"
EndProject
Project("{9A19103F-16F7-4668-BE54-9A1E7A4F7556}") = "Serca.Controle.Core.Application", "src\Serca.Controle.Application\Serca.Controle.Core.Application.csproj", "{5FAE2BA8-2F31-4A2A-9AC5-CBBBEB3C037C}"
EndProject
Project("{9A19103F-16F7-4668-BE54-9A1E7A4F7556}") = "Serca.Controle.Core.Application.Abstraction", "src\Serca.Controle.Application.Abstraction\Serca.Controle.Core.Application.Abstraction.csproj", "{908EB9AC-5E6A-4C92-9D02-F63A2F32D4E4}"
EndProject
Project("{9A19103F-16F7-4668-BE54-9A1E7A4F7556}") = "Serca.Controle.Core.Domain", "src\Serca.Controle.Domain\Serca.Controle.Core.Domain.csproj", "{99EE592F-939B-41F7-8EEC-3C2F7210CD8B}"
EndProject
Project("{9A19103F-16F7-4668-BE54-9A1E7A4F7556}") = "Serca.Controle.Infrastructures", "src\Serca.Controle.Infrastructures\Serca.Controle.Infrastructures.csproj", "{975E234D-E806-40E7-9BC1-36D55FAEFC74}"
EndProject
Project("{9A19103F-16F7-4668-BE54-9A1E7A4F7556}") = "Serca.Controle.Infrastructures.API", "src\Serca.Controle.Infrastructures.API\Serca.Controle.Infrastructures.API.csproj", "{BC5C369D-0AAC-4F60-B9A1-FE4F5E68EE1E}"
EndProject
Project("{2150E333-8FDC-42A3-9474-1A3956D46DE8}") = "Solution Items", "Solution Items", "{ABC13BA6-725D-43BC-931B-A244087437BD}"
EndProject
Project("{2150E333-8FDC-42A3-9474-1A3956D46DE8}") = "src", "src", "{5DCDDDCA-FE43-427F-B624-30C9D8E79AD3}"
EndProject
Project("{2150E333-8FDC-42A3-9474-1A3956D46DE8}") = "Core", "Core", "{DE74DDFD-60C9-45C9-99C4-617AA7323F19}"
EndProject
Project("{2150E333-8FDC-42A3-9474-1A3956D46DE8}") = "Infrastructures", "Infrastructures", "{A396AA1B-E99C-4622-B854-7B2F89815EAE}"
EndProject
Project("{2150E333-8FDC-42A3-9474-1A3956D46DE8}") = "Web", "Web", "{84EBF7C9-6BC9-48B9-BED8-91EBA2AA390C}"
EndProject
Project("{2150E333-8FDC-42A3-9474-1A3956D46DE8}") = "dependencies", "dependencies", "{F684C4AE-5E6D-4EC1-860A-D3C5117ADFB9}"
EndProject
Project("{9A19103F-16F7-4668-BE54-9A1E7A4F7556}") = "SqliteWasmHelper", "dependencies\SqliteWasmHelper\SqliteWasmHelper\SqliteWasmHelper.csproj", "{959E5B9F-C43E-47E1-9D8A-09AC9E94FADB}"
EndProject
Project("{9A19103F-16F7-4668-BE54-9A1E7A4F7556}") = "Scheduler", "dependencies\Serca.Libraries\Scheduler\Scheduler.csproj", "{B714F249-C9AF-4320-822C-2426F00034A2}"
EndProject
Project("{9A19103F-16F7-4668-BE54-9A1E7A4F7556}") = "Serca.AspNetCore", "dependencies\Serca.Libraries\Serca.AspNetCore\Serca.AspNetCore.csproj", "{117A5D6A-7A50-4372-A687-97B9A008287C}"
EndProject
Project("{9A19103F-16F7-4668-BE54-9A1E7A4F7556}") = "Serca.DataAccess", "dependencies\Serca.Libraries\Serca.DataAccess\Serca.DataAccess.csproj", "{ABC66F38-5E07-4B81-87F3-2CD263949C9C}"
EndProject
Project("{9A19103F-16F7-4668-BE54-9A1E7A4F7556}") = "Serca.Tools", "dependencies\Serca.Libraries\Serca.Tools\Serca.Tools.csproj", "{5699FC9F-7D82-4E31-919C-7BA40B7EF1A8}"
EndProject
Project("{2150E333-8FDC-42A3-9474-1A3956D46DE8}") = "Authentification", "Authentification", "{7A3F33FD-1CEA-47E9-8164-88A07B6773C9}"
EndProject
Project("{2150E333-8FDC-42A3-9474-1A3956D46DE8}") = "Repository", "Repository", "{982C26AF-43B0-452C-A4A0-E1E2D378B9CA}"
EndProject
Project("{9A19103F-16F7-4668-BE54-9A1E7A4F7556}") = "Serca.Authentication", "dependencies\Authentication\Serca.Authentication\Serca.Authentication.csproj", "{9CE4846D-CA4C-4D10-BC13-59B2456DCEFB}"
EndProject
Project("{2150E333-8FDC-42A3-9474-1A3956D46DE8}") = "src", "src", "{E8D6E30F-C944-413F-AA4C-4E2886D81E66}"
EndProject
Project("{9A19103F-16F7-4668-BE54-9A1E7A4F7556}") = "Serca.DataAccess.Repository.Abstractions", "dependencies\Repository\src\Serca.DataAccess.Repository.Abstractions\Serca.DataAccess.Repository.Abstractions.csproj", "{7CD1C01F-0527-4AD2-A79D-E8BE184AF15B}"
EndProject
Project("{9A19103F-16F7-4668-BE54-9A1E7A4F7556}") = "Serca.DataAccess.Repository.Core", "dependencies\Repository\src\Serca.DataAccess.Repository.Core\Serca.DataAccess.Repository.Core.csproj", "{79B6F58E-0BC4-4204-896D-9A26D31712C2}"
EndProject
Project("{9A19103F-16F7-4668-BE54-9A1E7A4F7556}") = "Serca.DataAccess.Repository.WebServices", "dependencies\Repository\src\Serca.DataAccess.Repository.WebServices\Serca.DataAccess.Repository.WebServices.csproj", "{EE48CCA0-110C-4FFF-9E39-DDB4C9892CA7}"
EndProject
Global
	GlobalSection(SolutionConfigurationPlatforms) = preSolution
		Debug|Any CPU = Debug|Any CPU
		Release|Any CPU = Release|Any CPU
	EndGlobalSection
	GlobalSection(ProjectConfigurationPlatforms) = postSolution
		{DDAC7B38-C8D6-4F4E-B9AA-268A937839CC}.Debug|Any CPU.ActiveCfg = Debug|Any CPU
		{DDAC7B38-C8D6-4F4E-B9AA-268A937839CC}.Debug|Any CPU.Build.0 = Debug|Any CPU
		{DDAC7B38-C8D6-4F4E-B9AA-268A937839CC}.Release|Any CPU.ActiveCfg = Release|Any CPU
		{DDAC7B38-C8D6-4F4E-B9AA-268A937839CC}.Release|Any CPU.Build.0 = Release|Any CPU
		{6738142F-E75C-49D6-848A-513FDAC2AAC5}.Debug|Any CPU.ActiveCfg = Debug|Any CPU
		{6738142F-E75C-49D6-848A-513FDAC2AAC5}.Debug|Any CPU.Build.0 = Debug|Any CPU
		{6738142F-E75C-49D6-848A-513FDAC2AAC5}.Release|Any CPU.ActiveCfg = Release|Any CPU
		{6738142F-E75C-49D6-848A-513FDAC2AAC5}.Release|Any CPU.Build.0 = Release|Any CPU
		{DC8F2F4B-6C55-4154-8CF4-26228506FEF8}.Debug|Any CPU.ActiveCfg = Debug|Any CPU
		{DC8F2F4B-6C55-4154-8CF4-26228506FEF8}.Debug|Any CPU.Build.0 = Debug|Any CPU
		{DC8F2F4B-6C55-4154-8CF4-26228506FEF8}.Release|Any CPU.ActiveCfg = Release|Any CPU
		{DC8F2F4B-6C55-4154-8CF4-26228506FEF8}.Release|Any CPU.Build.0 = Release|Any CPU
		{5FAE2BA8-2F31-4A2A-9AC5-CBBBEB3C037C}.Debug|Any CPU.ActiveCfg = Debug|Any CPU
		{5FAE2BA8-2F31-4A2A-9AC5-CBBBEB3C037C}.Debug|Any CPU.Build.0 = Debug|Any CPU
		{5FAE2BA8-2F31-4A2A-9AC5-CBBBEB3C037C}.Release|Any CPU.ActiveCfg = Release|Any CPU
		{5FAE2BA8-2F31-4A2A-9AC5-CBBBEB3C037C}.Release|Any CPU.Build.0 = Release|Any CPU
		{908EB9AC-5E6A-4C92-9D02-F63A2F32D4E4}.Debug|Any CPU.ActiveCfg = Debug|Any CPU
		{908EB9AC-5E6A-4C92-9D02-F63A2F32D4E4}.Debug|Any CPU.Build.0 = Debug|Any CPU
		{908EB9AC-5E6A-4C92-9D02-F63A2F32D4E4}.Release|Any CPU.ActiveCfg = Release|Any CPU
		{908EB9AC-5E6A-4C92-9D02-F63A2F32D4E4}.Release|Any CPU.Build.0 = Release|Any CPU
		{99EE592F-939B-41F7-8EEC-3C2F7210CD8B}.Debug|Any CPU.ActiveCfg = Debug|Any CPU
		{99EE592F-939B-41F7-8EEC-3C2F7210CD8B}.Debug|Any CPU.Build.0 = Debug|Any CPU
		{99EE592F-939B-41F7-8EEC-3C2F7210CD8B}.Release|Any CPU.ActiveCfg = Release|Any CPU
		{99EE592F-939B-41F7-8EEC-3C2F7210CD8B}.Release|Any CPU.Build.0 = Release|Any CPU
		{975E234D-E806-40E7-9BC1-36D55FAEFC74}.Debug|Any CPU.ActiveCfg = Debug|Any CPU
		{975E234D-E806-40E7-9BC1-36D55FAEFC74}.Debug|Any CPU.Build.0 = Debug|Any CPU
		{975E234D-E806-40E7-9BC1-36D55FAEFC74}.Release|Any CPU.ActiveCfg = Release|Any CPU
		{975E234D-E806-40E7-9BC1-36D55FAEFC74}.Release|Any CPU.Build.0 = Release|Any CPU
		{BC5C369D-0AAC-4F60-B9A1-FE4F5E68EE1E}.Debug|Any CPU.ActiveCfg = Debug|Any CPU
		{BC5C369D-0AAC-4F60-B9A1-FE4F5E68EE1E}.Debug|Any CPU.Build.0 = Debug|Any CPU
		{BC5C369D-0AAC-4F60-B9A1-FE4F5E68EE1E}.Release|Any CPU.ActiveCfg = Release|Any CPU
		{BC5C369D-0AAC-4F60-B9A1-FE4F5E68EE1E}.Release|Any CPU.Build.0 = Release|Any CPU
		{959E5B9F-C43E-47E1-9D8A-09AC9E94FADB}.Debug|Any CPU.ActiveCfg = Debug|Any CPU
		{959E5B9F-C43E-47E1-9D8A-09AC9E94FADB}.Debug|Any CPU.Build.0 = Debug|Any CPU
		{959E5B9F-C43E-47E1-9D8A-09AC9E94FADB}.Release|Any CPU.ActiveCfg = Release|Any CPU
		{959E5B9F-C43E-47E1-9D8A-09AC9E94FADB}.Release|Any CPU.Build.0 = Release|Any CPU
		{B714F249-C9AF-4320-822C-2426F00034A2}.Debug|Any CPU.ActiveCfg = Debug|Any CPU
		{B714F249-C9AF-4320-822C-2426F00034A2}.Debug|Any CPU.Build.0 = Debug|Any CPU
		{B714F249-C9AF-4320-822C-2426F00034A2}.Release|Any CPU.ActiveCfg = Release|Any CPU
		{B714F249-C9AF-4320-822C-2426F00034A2}.Release|Any CPU.Build.0 = Release|Any CPU
		{117A5D6A-7A50-4372-A687-97B9A008287C}.Debug|Any CPU.ActiveCfg = Debug|Any CPU
		{117A5D6A-7A50-4372-A687-97B9A008287C}.Debug|Any CPU.Build.0 = Debug|Any CPU
		{117A5D6A-7A50-4372-A687-97B9A008287C}.Release|Any CPU.ActiveCfg = Release|Any CPU
		{117A5D6A-7A50-4372-A687-97B9A008287C}.Release|Any CPU.Build.0 = Release|Any CPU
		{ABC66F38-5E07-4B81-87F3-2CD263949C9C}.Debug|Any CPU.ActiveCfg = Debug|Any CPU
		{ABC66F38-5E07-4B81-87F3-2CD263949C9C}.Debug|Any CPU.Build.0 = Debug|Any CPU
		{ABC66F38-5E07-4B81-87F3-2CD263949C9C}.Release|Any CPU.ActiveCfg = Release|Any CPU
		{ABC66F38-5E07-4B81-87F3-2CD263949C9C}.Release|Any CPU.Build.0 = Release|Any CPU
		{5699FC9F-7D82-4E31-919C-7BA40B7EF1A8}.Debug|Any CPU.ActiveCfg = Debug|Any CPU
		{5699FC9F-7D82-4E31-919C-7BA40B7EF1A8}.Debug|Any CPU.Build.0 = Debug|Any CPU
		{5699FC9F-7D82-4E31-919C-7BA40B7EF1A8}.Release|Any CPU.ActiveCfg = Release|Any CPU
		{5699FC9F-7D82-4E31-919C-7BA40B7EF1A8}.Release|Any CPU.Build.0 = Release|Any CPU
		{9CE4846D-CA4C-4D10-BC13-59B2456DCEFB}.Debug|Any CPU.ActiveCfg = Debug|Any CPU
		{9CE4846D-CA4C-4D10-BC13-59B2456DCEFB}.Debug|Any CPU.Build.0 = Debug|Any CPU
		{9CE4846D-CA4C-4D10-BC13-59B2456DCEFB}.Release|Any CPU.ActiveCfg = Release|Any CPU
		{9CE4846D-CA4C-4D10-BC13-59B2456DCEFB}.Release|Any CPU.Build.0 = Release|Any CPU
		{7CD1C01F-0527-4AD2-A79D-E8BE184AF15B}.Debug|Any CPU.ActiveCfg = Debug|Any CPU
		{7CD1C01F-0527-4AD2-A79D-E8BE184AF15B}.Debug|Any CPU.Build.0 = Debug|Any CPU
		{7CD1C01F-0527-4AD2-A79D-E8BE184AF15B}.Release|Any CPU.ActiveCfg = Release|Any CPU
		{7CD1C01F-0527-4AD2-A79D-E8BE184AF15B}.Release|Any CPU.Build.0 = Release|Any CPU
		{79B6F58E-0BC4-4204-896D-9A26D31712C2}.Debug|Any CPU.ActiveCfg = Debug|Any CPU
		{79B6F58E-0BC4-4204-896D-9A26D31712C2}.Debug|Any CPU.Build.0 = Debug|Any CPU
		{79B6F58E-0BC4-4204-896D-9A26D31712C2}.Release|Any CPU.ActiveCfg = Release|Any CPU
		{79B6F58E-0BC4-4204-896D-9A26D31712C2}.Release|Any CPU.Build.0 = Release|Any CPU
		{EE48CCA0-110C-4FFF-9E39-DDB4C9892CA7}.Debug|Any CPU.ActiveCfg = Debug|Any CPU
		{EE48CCA0-110C-4FFF-9E39-DDB4C9892CA7}.Debug|Any CPU.Build.0 = Debug|Any CPU
		{EE48CCA0-110C-4FFF-9E39-DDB4C9892CA7}.Release|Any CPU.ActiveCfg = Release|Any CPU
		{EE48CCA0-110C-4FFF-9E39-DDB4C9892CA7}.Release|Any CPU.Build.0 = Release|Any CPU
	EndGlobalSection
	GlobalSection(SolutionProperties) = preSolution
		HideSolutionNode = FALSE
	EndGlobalSection
	GlobalSection(NestedProjects) = preSolution
		{DDAC7B38-C8D6-4F4E-B9AA-268A937839CC} = {84EBF7C9-6BC9-48B9-BED8-91EBA2AA390C}
		{6738142F-E75C-49D6-848A-513FDAC2AAC5} = {84EBF7C9-6BC9-48B9-BED8-91EBA2AA390C}
		{DC8F2F4B-6C55-4154-8CF4-26228506FEF8} = {84EBF7C9-6BC9-48B9-BED8-91EBA2AA390C}
		{5FAE2BA8-2F31-4A2A-9AC5-CBBBEB3C037C} = {DE74DDFD-60C9-45C9-99C4-617AA7323F19}
		{908EB9AC-5E6A-4C92-9D02-F63A2F32D4E4} = {DE74DDFD-60C9-45C9-99C4-617AA7323F19}
		{99EE592F-939B-41F7-8EEC-3C2F7210CD8B} = {DE74DDFD-60C9-45C9-99C4-617AA7323F19}
		{975E234D-E806-40E7-9BC1-36D55FAEFC74} = {A396AA1B-E99C-4622-B854-7B2F89815EAE}
		{BC5C369D-0AAC-4F60-B9A1-FE4F5E68EE1E} = {A396AA1B-E99C-4622-B854-7B2F89815EAE}
		{DE74DDFD-60C9-45C9-99C4-617AA7323F19} = {5DCDDDCA-FE43-427F-B624-30C9D8E79AD3}
		{A396AA1B-E99C-4622-B854-7B2F89815EAE} = {5DCDDDCA-FE43-427F-B624-30C9D8E79AD3}
		{84EBF7C9-6BC9-48B9-BED8-91EBA2AA390C} = {5DCDDDCA-FE43-427F-B624-30C9D8E79AD3}
		{959E5B9F-C43E-47E1-9D8A-09AC9E94FADB} = {F684C4AE-5E6D-4EC1-860A-D3C5117ADFB9}
		{B714F249-C9AF-4320-822C-2426F00034A2} = {F684C4AE-5E6D-4EC1-860A-D3C5117ADFB9}
		{117A5D6A-7A50-4372-A687-97B9A008287C} = {F684C4AE-5E6D-4EC1-860A-D3C5117ADFB9}
		{ABC66F38-5E07-4B81-87F3-2CD263949C9C} = {F684C4AE-5E6D-4EC1-860A-D3C5117ADFB9}
		{5699FC9F-7D82-4E31-919C-7BA40B7EF1A8} = {F684C4AE-5E6D-4EC1-860A-D3C5117ADFB9}
		{7A3F33FD-1CEA-47E9-8164-88A07B6773C9} = {F684C4AE-5E6D-4EC1-860A-D3C5117ADFB9}
		{982C26AF-43B0-452C-A4A0-E1E2D378B9CA} = {F684C4AE-5E6D-4EC1-860A-D3C5117ADFB9}
		{9CE4846D-CA4C-4D10-BC13-59B2456DCEFB} = {7A3F33FD-1CEA-47E9-8164-88A07B6773C9}
		{E8D6E30F-C944-413F-AA4C-4E2886D81E66} = {982C26AF-43B0-452C-A4A0-E1E2D378B9CA}
		{7CD1C01F-0527-4AD2-A79D-E8BE184AF15B} = {E8D6E30F-C944-413F-AA4C-4E2886D81E66}
		{79B6F58E-0BC4-4204-896D-9A26D31712C2} = {E8D6E30F-C944-413F-AA4C-4E2886D81E66}
		{EE48CCA0-110C-4FFF-9E39-DDB4C9892CA7} = {E8D6E30F-C944-413F-AA4C-4E2886D81E66}
	EndGlobalSection
	GlobalSection(ExtensibilityGlobals) = postSolution
		SolutionGuid = {AE3B8076-3F31-448E-AC5B-72F85422031B}
	EndGlobalSection
EndGlobal
